
Microsoft Visual Studio Solution File, Format Version 12.00
# Visual Studio Version 17
VisualStudioVersion = 17.4.33403.182
MinimumVisualStudioVersion = 10.0.40219.1
Project("{9A19103F-16F7-4668-BE54-9A1E7A4F7556}") = "DesignPattern", "DesignPattern\DesignPattern.csproj", "{6040F13D-4B4B-454A-AF9A-9D41C4257082}"
EndProject
Project("{9A19103F-16F7-4668-BE54-9A1E7A4F7556}") = "TickTacToe", "TickTacToe\TickTacToe.csproj", "{9526DDFF-4632-4ADD-AD38-013AC5820363}"
EndProject
Project("{9A19103F-16F7-4668-BE54-9A1E7A4F7556}") = "LibraryMangementSystem", "LibraryMangementSystem\LibraryMangementSystem.csproj", "{66810409-229A-46E0-AE13-5DDAE8E81FEC}"
EndProject
Project("{9A19103F-16F7-4668-BE54-9A1E7A4F7556}") = "SnakeAndLadder", "SnakeAndLadder\SnakeAndLadder.csproj", "{3FD4EA38-D436-4A9D-A910-4ACE7E15A1D6}"
EndProject
Project("{FAE04EC0-301F-11D3-BF4B-00C04F79EFBC}") = "FoodDeliveryApp", "FoodDeliveryApp\FoodDeliveryApp.csproj", "{569C61B6-A6B5-49D1-9049-53B0232FF4F1}"
EndProject
Global
	GlobalSection(SolutionConfigurationPlatforms) = preSolution
		Debug|Any CPU = Debug|Any CPU
		Release|Any CPU = Release|Any CPU
	EndGlobalSection
	GlobalSection(ProjectConfigurationPlatforms) = postSolution
		{6040F13D-4B4B-454A-AF9A-9D41C4257082}.Debug|Any CPU.ActiveCfg = Debug|Any CPU
		{6040F13D-4B4B-454A-AF9A-9D41C4257082}.Debug|Any CPU.Build.0 = Debug|Any CPU
		{6040F13D-4B4B-454A-AF9A-9D41C4257082}.Release|Any CPU.ActiveCfg = Release|Any CPU
		{6040F13D-4B4B-454A-AF9A-9D41C4257082}.Release|Any CPU.Build.0 = Release|Any CPU
		{9526DDFF-4632-4ADD-AD38-013AC5820363}.Debug|Any CPU.ActiveCfg = Debug|Any CPU
		{9526DDFF-4632-4ADD-AD38-013AC5820363}.Debug|Any CPU.Build.0 = Debug|Any CPU
		{9526DDFF-4632-4ADD-AD38-013AC5820363}.Release|Any CPU.ActiveCfg = Release|Any CPU
		{9526DDFF-4632-4ADD-AD38-013AC5820363}.Release|Any CPU.Build.0 = Release|Any CPU
		{66810409-229A-46E0-AE13-5DDAE8E81FEC}.Debug|Any CPU.ActiveCfg = Debug|Any CPU
		{66810409-229A-46E0-AE13-5DDAE8E81FEC}.Debug|Any CPU.Build.0 = Debug|Any CPU
		{66810409-229A-46E0-AE13-5DDAE8E81FEC}.Release|Any CPU.ActiveCfg = Release|Any CPU
		{66810409-229A-46E0-AE13-5DDAE8E81FEC}.Release|Any CPU.Build.0 = Release|Any CPU
		{3FD4EA38-D436-4A9D-A910-4ACE7E15A1D6}.Debug|Any CPU.ActiveCfg = Debug|Any CPU
		{3FD4EA38-D436-4A9D-A910-4ACE7E15A1D6}.Debug|Any CPU.Build.0 = Debug|Any CPU
		{3FD4EA38-D436-4A9D-A910-4ACE7E15A1D6}.Release|Any CPU.ActiveCfg = Release|Any CPU
		{3FD4EA38-D436-4A9D-A910-4ACE7E15A1D6}.Release|Any CPU.Build.0 = Release|Any CPU
		{569C61B6-A6B5-49D1-9049-53B0232FF4F1}.Debug|Any CPU.ActiveCfg = Debug|Any CPU
		{569C61B6-A6B5-49D1-9049-53B0232FF4F1}.Debug|Any CPU.Build.0 = Debug|Any CPU
		{569C61B6-A6B5-49D1-9049-53B0232FF4F1}.Release|Any CPU.ActiveCfg = Release|Any CPU
		{569C61B6-A6B5-49D1-9049-53B0232FF4F1}.Release|Any CPU.Build.0 = Release|Any CPU
	EndGlobalSection
	GlobalSection(SolutionProperties) = preSolution
		HideSolutionNode = FALSE
	EndGlobalSection
	GlobalSection(ExtensibilityGlobals) = postSolution
		SolutionGuid = {4E6A7E1F-74EA-4899-A8D5-100F04E9A25B}
	EndGlobalSection
EndGlobal
